
Microsoft Visual Studio Solution File, Format Version 12.00
Project("{F2A71F9B-5D33-465A-A702-920D77279786}") = "Ejercicios Repositorio", "Ejercicios Repositorio\Ejercicios Repositorio.fsproj", "{947A7BC6-E5D1-4C3E-85AB-BD461CC99BBF}"
EndProject
Global
	GlobalSection(SolutionConfigurationPlatforms) = preSolution
		Debug|Any CPU = Debug|Any CPU
		Release|Any CPU = Release|Any CPU
	EndGlobalSection
	GlobalSection(ProjectConfigurationPlatforms) = postSolution
		{947A7BC6-E5D1-4C3E-85AB-BD461CC99BBF}.Debug|Any CPU.ActiveCfg = Debug|Any CPU
		{947A7BC6-E5D1-4C3E-85AB-BD461CC99BBF}.Debug|Any CPU.Build.0 = Debug|Any CPU
		{947A7BC6-E5D1-4C3E-85AB-BD461CC99BBF}.Release|Any CPU.ActiveCfg = Release|Any CPU
		{947A7BC6-E5D1-4C3E-85AB-BD461CC99BBF}.Release|Any CPU.Build.0 = Release|Any CPU
	EndGlobalSection
EndGlobal
